// !$*UTF8*$!
{
	archiveVersion = 1;
	classes = {
	};
	objectVersion = 56;
	objects = {

/* Begin PBXBuildFile section */
		C2AE8DC2CEFBF161AAF8E64F /* Pods_Demo_Pet_App.framework in Frameworks */ = {isa = PBXBuildFile; fileRef = F903EDD07B03C2879AB844D3 /* Pods_Demo_Pet_App.framework */; };
		DD0AF481292C0CE2000BC039 /* ApiManager.swift in Sources */ = {isa = PBXBuildFile; fileRef = DD0AF480292C0CE2000BC039 /* ApiManager.swift */; };
		DD220867292BF581003A3959 /* AppDelegate.swift in Sources */ = {isa = PBXBuildFile; fileRef = DD220866292BF581003A3959 /* AppDelegate.swift */; };
		DD220869292BF581003A3959 /* SceneDelegate.swift in Sources */ = {isa = PBXBuildFile; fileRef = DD220868292BF581003A3959 /* SceneDelegate.swift */; };
		DD22086E292BF581003A3959 /* Main.storyboard in Resources */ = {isa = PBXBuildFile; fileRef = DD22086C292BF581003A3959 /* Main.storyboard */; };
		DD220870292BF582003A3959 /* Assets.xcassets in Resources */ = {isa = PBXBuildFile; fileRef = DD22086F292BF582003A3959 /* Assets.xcassets */; };
		DD220873292BF582003A3959 /* LaunchScreen.storyboard in Resources */ = {isa = PBXBuildFile; fileRef = DD220871292BF582003A3959 /* LaunchScreen.storyboard */; };
		DD22087E292BF582003A3959 /* Demo_Pet_AppTests.swift in Sources */ = {isa = PBXBuildFile; fileRef = DD22087D292BF582003A3959 /* Demo_Pet_AppTests.swift */; };
		DD220888292BF583003A3959 /* Demo_Pet_AppUITests.swift in Sources */ = {isa = PBXBuildFile; fileRef = DD220887292BF583003A3959 /* Demo_Pet_AppUITests.swift */; };
		DD22088A292BF583003A3959 /* Demo_Pet_AppUITestsLaunchTests.swift in Sources */ = {isa = PBXBuildFile; fileRef = DD220889292BF583003A3959 /* Demo_Pet_AppUITestsLaunchTests.swift */; };
		DD2208B0292BF96F003A3959 /* Config.swift in Sources */ = {isa = PBXBuildFile; fileRef = DD2208AF292BF96F003A3959 /* Config.swift */; };
		DD2208B4292BFB4C003A3959 /* ListViewController.swift in Sources */ = {isa = PBXBuildFile; fileRef = DD2208B3292BFB4C003A3959 /* ListViewController.swift */; };
		DD2208B6292BFB54003A3959 /* ListViewModel.swift in Sources */ = {isa = PBXBuildFile; fileRef = DD2208B5292BFB54003A3959 /* ListViewModel.swift */; };
		DD2208B8292BFB62003A3959 /* DetailsViewController.swift in Sources */ = {isa = PBXBuildFile; fileRef = DD2208B7292BFB62003A3959 /* DetailsViewController.swift */; };
		DD2208BA292BFB68003A3959 /* DetailsViewModel.swift in Sources */ = {isa = PBXBuildFile; fileRef = DD2208B9292BFB68003A3959 /* DetailsViewModel.swift */; };
		DD2208C3292BFD55003A3959 /* ListTableViewCell.swift in Sources */ = {isa = PBXBuildFile; fileRef = DD2208C2292BFD55003A3959 /* ListTableViewCell.swift */; };
		DD2208C6292BFF81003A3959 /* Pet.swift in Sources */ = {isa = PBXBuildFile; fileRef = DD2208C5292BFF81003A3959 /* Pet.swift */; };
		DD523A7A292D2610000E9297 /* Extra.swift in Sources */ = {isa = PBXBuildFile; fileRef = DD523A79292D2610000E9297 /* Extra.swift */; };
		DD523A7C292D2640000E9297 /* Token.swift in Sources */ = {isa = PBXBuildFile; fileRef = DD523A7B292D2640000E9297 /* Token.swift */; };
		DD523A7E292D27CA000E9297 /* Animals.swift in Sources */ = {isa = PBXBuildFile; fileRef = DD523A7D292D27CA000E9297 /* Animals.swift */; };
		DD523A80292D27EE000E9297 /* Pagination.swift in Sources */ = {isa = PBXBuildFile; fileRef = DD523A7F292D27EE000E9297 /* Pagination.swift */; };
		DD523A82292D287D000E9297 /* Endpoint.swift in Sources */ = {isa = PBXBuildFile; fileRef = DD523A81292D287D000E9297 /* Endpoint.swift */; };
		DD523A85292D2942000E9297 /* KeychainHelper.swift in Sources */ = {isa = PBXBuildFile; fileRef = DD523A84292D2942000E9297 /* KeychainHelper.swift */; };
		DD523A88292D3064000E9297 /* NSObject+Extra.swift in Sources */ = {isa = PBXBuildFile; fileRef = DD523A87292D3064000E9297 /* NSObject+Extra.swift */; };
/* End PBXBuildFile section */

/* Begin PBXContainerItemProxy section */
		DD22087A292BF582003A3959 /* PBXContainerItemProxy */ = {
			isa = PBXContainerItemProxy;
			containerPortal = DD22085B292BF581003A3959 /* Project object */;
			proxyType = 1;
			remoteGlobalIDString = DD220862292BF581003A3959;
			remoteInfo = "Demo Pet App";
		};
		DD220884292BF583003A3959 /* PBXContainerItemProxy */ = {
			isa = PBXContainerItemProxy;
			containerPortal = DD22085B292BF581003A3959 /* Project object */;
			proxyType = 1;
			remoteGlobalIDString = DD220862292BF581003A3959;
			remoteInfo = "Demo Pet App";
		};
/* End PBXContainerItemProxy section */

/* Begin PBXFileReference section */
		69E9D165047833C7CD828503 /* Pods-Demo Pet App.debug.xcconfig */ = {isa = PBXFileReference; includeInIndex = 1; lastKnownFileType = text.xcconfig; name = "Pods-Demo Pet App.debug.xcconfig"; path = "Target Support Files/Pods-Demo Pet App/Pods-Demo Pet App.debug.xcconfig"; sourceTree = "<group>"; };
		DD0AF480292C0CE2000BC039 /* ApiManager.swift */ = {isa = PBXFileReference; lastKnownFileType = sourcecode.swift; path = ApiManager.swift; sourceTree = "<group>"; };
		DD220863292BF581003A3959 /* Demo Pet App.app */ = {isa = PBXFileReference; explicitFileType = wrapper.application; includeInIndex = 0; path = "Demo Pet App.app"; sourceTree = BUILT_PRODUCTS_DIR; };
		DD220866292BF581003A3959 /* AppDelegate.swift */ = {isa = PBXFileReference; lastKnownFileType = sourcecode.swift; path = AppDelegate.swift; sourceTree = "<group>"; };
		DD220868292BF581003A3959 /* SceneDelegate.swift */ = {isa = PBXFileReference; lastKnownFileType = sourcecode.swift; path = SceneDelegate.swift; sourceTree = "<group>"; };
		DD22086D292BF581003A3959 /* Base */ = {isa = PBXFileReference; lastKnownFileType = file.storyboard; name = Base; path = Base.lproj/Main.storyboard; sourceTree = "<group>"; };
		DD22086F292BF582003A3959 /* Assets.xcassets */ = {isa = PBXFileReference; lastKnownFileType = folder.assetcatalog; path = Assets.xcassets; sourceTree = "<group>"; };
		DD220872292BF582003A3959 /* Base */ = {isa = PBXFileReference; lastKnownFileType = file.storyboard; name = Base; path = Base.lproj/LaunchScreen.storyboard; sourceTree = "<group>"; };
		DD220874292BF582003A3959 /* Info.plist */ = {isa = PBXFileReference; lastKnownFileType = text.plist.xml; path = Info.plist; sourceTree = "<group>"; };
		DD220879292BF582003A3959 /* Demo Pet AppTests.xctest */ = {isa = PBXFileReference; explicitFileType = wrapper.cfbundle; includeInIndex = 0; path = "Demo Pet AppTests.xctest"; sourceTree = BUILT_PRODUCTS_DIR; };
		DD22087D292BF582003A3959 /* Demo_Pet_AppTests.swift */ = {isa = PBXFileReference; lastKnownFileType = sourcecode.swift; path = Demo_Pet_AppTests.swift; sourceTree = "<group>"; };
		DD220883292BF583003A3959 /* Demo Pet AppUITests.xctest */ = {isa = PBXFileReference; explicitFileType = wrapper.cfbundle; includeInIndex = 0; path = "Demo Pet AppUITests.xctest"; sourceTree = BUILT_PRODUCTS_DIR; };
		DD220887292BF583003A3959 /* Demo_Pet_AppUITests.swift */ = {isa = PBXFileReference; lastKnownFileType = sourcecode.swift; path = Demo_Pet_AppUITests.swift; sourceTree = "<group>"; };
		DD220889292BF583003A3959 /* Demo_Pet_AppUITestsLaunchTests.swift */ = {isa = PBXFileReference; lastKnownFileType = sourcecode.swift; path = Demo_Pet_AppUITestsLaunchTests.swift; sourceTree = "<group>"; };
		DD2208A1292BF6F7003A3959 /* Config.xcconfig */ = {isa = PBXFileReference; lastKnownFileType = text.xcconfig; path = Config.xcconfig; sourceTree = "<group>"; };
		DD2208AF292BF96F003A3959 /* Config.swift */ = {isa = PBXFileReference; lastKnownFileType = sourcecode.swift; path = Config.swift; sourceTree = "<group>"; };
		DD2208B3292BFB4C003A3959 /* ListViewController.swift */ = {isa = PBXFileReference; lastKnownFileType = sourcecode.swift; path = ListViewController.swift; sourceTree = "<group>"; };
		DD2208B5292BFB54003A3959 /* ListViewModel.swift */ = {isa = PBXFileReference; lastKnownFileType = sourcecode.swift; path = ListViewModel.swift; sourceTree = "<group>"; };
		DD2208B7292BFB62003A3959 /* DetailsViewController.swift */ = {isa = PBXFileReference; lastKnownFileType = sourcecode.swift; path = DetailsViewController.swift; sourceTree = "<group>"; };
		DD2208B9292BFB68003A3959 /* DetailsViewModel.swift */ = {isa = PBXFileReference; lastKnownFileType = sourcecode.swift; path = DetailsViewModel.swift; sourceTree = "<group>"; };
		DD2208C2292BFD55003A3959 /* ListTableViewCell.swift */ = {isa = PBXFileReference; lastKnownFileType = sourcecode.swift; path = ListTableViewCell.swift; sourceTree = "<group>"; };
		DD2208C5292BFF81003A3959 /* Pet.swift */ = {isa = PBXFileReference; lastKnownFileType = sourcecode.swift; path = Pet.swift; sourceTree = "<group>"; };
		DD523A79292D2610000E9297 /* Extra.swift */ = {isa = PBXFileReference; lastKnownFileType = sourcecode.swift; path = Extra.swift; sourceTree = "<group>"; };
		DD523A7B292D2640000E9297 /* Token.swift */ = {isa = PBXFileReference; lastKnownFileType = sourcecode.swift; path = Token.swift; sourceTree = "<group>"; };
		DD523A7D292D27CA000E9297 /* Animals.swift */ = {isa = PBXFileReference; lastKnownFileType = sourcecode.swift; path = Animals.swift; sourceTree = "<group>"; };
		DD523A7F292D27EE000E9297 /* Pagination.swift */ = {isa = PBXFileReference; lastKnownFileType = sourcecode.swift; path = Pagination.swift; sourceTree = "<group>"; };
		DD523A81292D287D000E9297 /* Endpoint.swift */ = {isa = PBXFileReference; lastKnownFileType = sourcecode.swift; path = Endpoint.swift; sourceTree = "<group>"; };
		DD523A84292D2942000E9297 /* KeychainHelper.swift */ = {isa = PBXFileReference; lastKnownFileType = sourcecode.swift; path = KeychainHelper.swift; sourceTree = "<group>"; };
		DD523A87292D3064000E9297 /* NSObject+Extra.swift */ = {isa = PBXFileReference; lastKnownFileType = sourcecode.swift; path = "NSObject+Extra.swift"; sourceTree = "<group>"; };
		EB25494D66684A00F989D982 /* Pods-Demo Pet App.release.xcconfig */ = {isa = PBXFileReference; includeInIndex = 1; lastKnownFileType = text.xcconfig; name = "Pods-Demo Pet App.release.xcconfig"; path = "Target Support Files/Pods-Demo Pet App/Pods-Demo Pet App.release.xcconfig"; sourceTree = "<group>"; };
		F903EDD07B03C2879AB844D3 /* Pods_Demo_Pet_App.framework */ = {isa = PBXFileReference; explicitFileType = wrapper.framework; includeInIndex = 0; path = Pods_Demo_Pet_App.framework; sourceTree = BUILT_PRODUCTS_DIR; };
/* End PBXFileReference section */

/* Begin PBXFrameworksBuildPhase section */
		DD220860292BF581003A3959 /* Frameworks */ = {
			isa = PBXFrameworksBuildPhase;
			buildActionMask = 2147483647;
			files = (
				C2AE8DC2CEFBF161AAF8E64F /* Pods_Demo_Pet_App.framework in Frameworks */,
			);
			runOnlyForDeploymentPostprocessing = 0;
		};
		DD220876292BF582003A3959 /* Frameworks */ = {
			isa = PBXFrameworksBuildPhase;
			buildActionMask = 2147483647;
			files = (
			);
			runOnlyForDeploymentPostprocessing = 0;
		};
		DD220880292BF583003A3959 /* Frameworks */ = {
			isa = PBXFrameworksBuildPhase;
			buildActionMask = 2147483647;
			files = (
			);
			runOnlyForDeploymentPostprocessing = 0;
		};
/* End PBXFrameworksBuildPhase section */

/* Begin PBXGroup section */
		033A990795ADA8239EFB87E7 /* Frameworks */ = {
			isa = PBXGroup;
			children = (
				F903EDD07B03C2879AB844D3 /* Pods_Demo_Pet_App.framework */,
			);
			name = Frameworks;
			sourceTree = "<group>";
		};
		99ED1B591594D46893DBB25E /* Pods */ = {
			isa = PBXGroup;
			children = (
				69E9D165047833C7CD828503 /* Pods-Demo Pet App.debug.xcconfig */,
				EB25494D66684A00F989D982 /* Pods-Demo Pet App.release.xcconfig */,
			);
			path = Pods;
			sourceTree = "<group>";
		};
		DD22085A292BF581003A3959 = {
			isa = PBXGroup;
			children = (
				DD220865292BF581003A3959 /* Demo Pet App */,
				DD22087C292BF582003A3959 /* Demo Pet AppTests */,
				DD220886292BF583003A3959 /* Demo Pet AppUITests */,
				DD220864292BF581003A3959 /* Products */,
				99ED1B591594D46893DBB25E /* Pods */,
				033A990795ADA8239EFB87E7 /* Frameworks */,
			);
			sourceTree = "<group>";
		};
		DD220864292BF581003A3959 /* Products */ = {
			isa = PBXGroup;
			children = (
				DD220863292BF581003A3959 /* Demo Pet App.app */,
				DD220879292BF582003A3959 /* Demo Pet AppTests.xctest */,
				DD220883292BF583003A3959 /* Demo Pet AppUITests.xctest */,
			);
			name = Products;
			sourceTree = "<group>";
		};
		DD220865292BF581003A3959 /* Demo Pet App */ = {
			isa = PBXGroup;
			children = (
				DD523A86292D3056000E9297 /* Helpers */,
				DD523A83292D2913000E9297 /* Keychain */,
				DD2208C4292BFF79003A3959 /* API */,
				DD2208B2292BFB33003A3959 /* Details */,
				DD2208B1292BFB2C003A3959 /* List */,
				DD220866292BF581003A3959 /* AppDelegate.swift */,
				DD220868292BF581003A3959 /* SceneDelegate.swift */,
				DD22086C292BF581003A3959 /* Main.storyboard */,
				DD22086F292BF582003A3959 /* Assets.xcassets */,
				DD220871292BF582003A3959 /* LaunchScreen.storyboard */,
				DD220874292BF582003A3959 /* Info.plist */,
				DD2208AE292BF95D003A3959 /* Resources */,
			);
			path = "Demo Pet App";
			sourceTree = "<group>";
		};
		DD22087C292BF582003A3959 /* Demo Pet AppTests */ = {
			isa = PBXGroup;
			children = (
				DD22087D292BF582003A3959 /* Demo_Pet_AppTests.swift */,
			);
			path = "Demo Pet AppTests";
			sourceTree = "<group>";
		};
		DD220886292BF583003A3959 /* Demo Pet AppUITests */ = {
			isa = PBXGroup;
			children = (
				DD220887292BF583003A3959 /* Demo_Pet_AppUITests.swift */,
				DD220889292BF583003A3959 /* Demo_Pet_AppUITestsLaunchTests.swift */,
			);
			path = "Demo Pet AppUITests";
			sourceTree = "<group>";
		};
		DD2208AE292BF95D003A3959 /* Resources */ = {
			isa = PBXGroup;
			children = (
				DD2208A1292BF6F7003A3959 /* Config.xcconfig */,
				DD2208AF292BF96F003A3959 /* Config.swift */,
			);
			path = Resources;
			sourceTree = "<group>";
		};
		DD2208B1292BFB2C003A3959 /* List */ = {
			isa = PBXGroup;
			children = (
				DD2208C1292BFD46003A3959 /* Views */,
				DD2208B5292BFB54003A3959 /* ListViewModel.swift */,
				DD2208B3292BFB4C003A3959 /* ListViewController.swift */,
			);
			path = List;
			sourceTree = "<group>";
		};
		DD2208B2292BFB33003A3959 /* Details */ = {
			isa = PBXGroup;
			children = (
				DD2208B9292BFB68003A3959 /* DetailsViewModel.swift */,
				DD2208B7292BFB62003A3959 /* DetailsViewController.swift */,
			);
			path = Details;
			sourceTree = "<group>";
		};
		DD2208C1292BFD46003A3959 /* Views */ = {
			isa = PBXGroup;
			children = (
				DD2208C2292BFD55003A3959 /* ListTableViewCell.swift */,
			);
			path = Views;
			sourceTree = "<group>";
		};
		DD2208C4292BFF79003A3959 /* API */ = {
			isa = PBXGroup;
			children = (
				DD0AF480292C0CE2000BC039 /* ApiManager.swift */,
				DD523A78292D2606000E9297 /* Extra */,
				DD2208C7292BFF84003A3959 /* Model */,
				DD523A81292D287D000E9297 /* Endpoint.swift */,
			);
			path = API;
			sourceTree = "<group>";
		};
		DD2208C7292BFF84003A3959 /* Model */ = {
			isa = PBXGroup;
			children = (
				DD2208C5292BFF81003A3959 /* Pet.swift */,
				DD523A7B292D2640000E9297 /* Token.swift */,
				DD523A7D292D27CA000E9297 /* Animals.swift */,
				DD523A7F292D27EE000E9297 /* Pagination.swift */,
			);
			path = Model;
			sourceTree = "<group>";
		};
		DD523A78292D2606000E9297 /* Extra */ = {
			isa = PBXGroup;
			children = (
				DD523A79292D2610000E9297 /* Extra.swift */,
			);
			path = Extra;
			sourceTree = "<group>";
		};
		DD523A83292D2913000E9297 /* Keychain */ = {
			isa = PBXGroup;
			children = (
				DD523A84292D2942000E9297 /* KeychainHelper.swift */,
			);
			path = Keychain;
			sourceTree = "<group>";
		};
		DD523A86292D3056000E9297 /* Helpers */ = {
			isa = PBXGroup;
			children = (
				DD523A87292D3064000E9297 /* NSObject+Extra.swift */,
			);
			path = Helpers;
			sourceTree = "<group>";
		};
/* End PBXGroup section */

/* Begin PBXNativeTarget section */
		DD220862292BF581003A3959 /* Demo Pet App */ = {
			isa = PBXNativeTarget;
			buildConfigurationList = DD22088D292BF583003A3959 /* Build configuration list for PBXNativeTarget "Demo Pet App" */;
			buildPhases = (
				9AF6BE58E04963BDD9A6007C /* [CP] Check Pods Manifest.lock */,
				DD22085F292BF581003A3959 /* Sources */,
				DD220860292BF581003A3959 /* Frameworks */,
				DD220861292BF581003A3959 /* Resources */,
				C9C90A16704EB6E9FA8E999C /* [CP] Embed Pods Frameworks */,
			);
			buildRules = (
			);
			dependencies = (
			);
			name = "Demo Pet App";
			productName = "Demo Pet App";
			productReference = DD220863292BF581003A3959 /* Demo Pet App.app */;
			productType = "com.apple.product-type.application";
		};
		DD220878292BF582003A3959 /* Demo Pet AppTests */ = {
			isa = PBXNativeTarget;
			buildConfigurationList = DD220890292BF583003A3959 /* Build configuration list for PBXNativeTarget "Demo Pet AppTests" */;
			buildPhases = (
				DD220875292BF582003A3959 /* Sources */,
				DD220876292BF582003A3959 /* Frameworks */,
				DD220877292BF582003A3959 /* Resources */,
			);
			buildRules = (
			);
			dependencies = (
				DD22087B292BF582003A3959 /* PBXTargetDependency */,
			);
			name = "Demo Pet AppTests";
			productName = "Demo Pet AppTests";
			productReference = DD220879292BF582003A3959 /* Demo Pet AppTests.xctest */;
			productType = "com.apple.product-type.bundle.unit-test";
		};
		DD220882292BF583003A3959 /* Demo Pet AppUITests */ = {
			isa = PBXNativeTarget;
			buildConfigurationList = DD220893292BF583003A3959 /* Build configuration list for PBXNativeTarget "Demo Pet AppUITests" */;
			buildPhases = (
				DD22087F292BF583003A3959 /* Sources */,
				DD220880292BF583003A3959 /* Frameworks */,
				DD220881292BF583003A3959 /* Resources */,
			);
			buildRules = (
			);
			dependencies = (
				DD220885292BF583003A3959 /* PBXTargetDependency */,
			);
			name = "Demo Pet AppUITests";
			productName = "Demo Pet AppUITests";
			productReference = DD220883292BF583003A3959 /* Demo Pet AppUITests.xctest */;
			productType = "com.apple.product-type.bundle.ui-testing";
		};
/* End PBXNativeTarget section */

/* Begin PBXProject section */
		DD22085B292BF581003A3959 /* Project object */ = {
			isa = PBXProject;
			attributes = {
				BuildIndependentTargetsInParallel = 1;
				LastSwiftUpdateCheck = 1410;
				LastUpgradeCheck = 1410;
				TargetAttributes = {
					DD220862292BF581003A3959 = {
						CreatedOnToolsVersion = 14.1;
					};
					DD220878292BF582003A3959 = {
						CreatedOnToolsVersion = 14.1;
						TestTargetID = DD220862292BF581003A3959;
					};
					DD220882292BF583003A3959 = {
						CreatedOnToolsVersion = 14.1;
						TestTargetID = DD220862292BF581003A3959;
					};
				};
			};
			buildConfigurationList = DD22085E292BF581003A3959 /* Build configuration list for PBXProject "Demo Pet App" */;
			compatibilityVersion = "Xcode 14.0";
			developmentRegion = en;
			hasScannedForEncodings = 0;
			knownRegions = (
				en,
				Base,
			);
			mainGroup = DD22085A292BF581003A3959;
			productRefGroup = DD220864292BF581003A3959 /* Products */;
			projectDirPath = "";
			projectRoot = "";
			targets = (
				DD220862292BF581003A3959 /* Demo Pet App */,
				DD220878292BF582003A3959 /* Demo Pet AppTests */,
				DD220882292BF583003A3959 /* Demo Pet AppUITests */,
			);
		};
/* End PBXProject section */

/* Begin PBXResourcesBuildPhase section */
		DD220861292BF581003A3959 /* Resources */ = {
			isa = PBXResourcesBuildPhase;
			buildActionMask = 2147483647;
			files = (
				DD220873292BF582003A3959 /* LaunchScreen.storyboard in Resources */,
				DD220870292BF582003A3959 /* Assets.xcassets in Resources */,
				DD22086E292BF581003A3959 /* Main.storyboard in Resources */,
			);
			runOnlyForDeploymentPostprocessing = 0;
		};
		DD220877292BF582003A3959 /* Resources */ = {
			isa = PBXResourcesBuildPhase;
			buildActionMask = 2147483647;
			files = (
			);
			runOnlyForDeploymentPostprocessing = 0;
		};
		DD220881292BF583003A3959 /* Resources */ = {
			isa = PBXResourcesBuildPhase;
			buildActionMask = 2147483647;
			files = (
			);
			runOnlyForDeploymentPostprocessing = 0;
		};
/* End PBXResourcesBuildPhase section */

/* Begin PBXShellScriptBuildPhase section */
		9AF6BE58E04963BDD9A6007C /* [CP] Check Pods Manifest.lock */ = {
			isa = PBXShellScriptBuildPhase;
			buildActionMask = 2147483647;
			files = (
			);
			inputFileListPaths = (
			);
			inputPaths = (
				"${PODS_PODFILE_DIR_PATH}/Podfile.lock",
				"${PODS_ROOT}/Manifest.lock",
			);
			name = "[CP] Check Pods Manifest.lock";
			outputFileListPaths = (
			);
			outputPaths = (
				"$(DERIVED_FILE_DIR)/Pods-Demo Pet App-checkManifestLockResult.txt",
			);
			runOnlyForDeploymentPostprocessing = 0;
			shellPath = /bin/sh;
			shellScript = "diff \"${PODS_PODFILE_DIR_PATH}/Podfile.lock\" \"${PODS_ROOT}/Manifest.lock\" > /dev/null\nif [ $? != 0 ] ; then\n    # print error to STDERR\n    echo \"error: The sandbox is not in sync with the Podfile.lock. Run 'pod install' or update your CocoaPods installation.\" >&2\n    exit 1\nfi\n# This output is used by Xcode 'outputs' to avoid re-running this script phase.\necho \"SUCCESS\" > \"${SCRIPT_OUTPUT_FILE_0}\"\n";
			showEnvVarsInLog = 0;
		};
		C9C90A16704EB6E9FA8E999C /* [CP] Embed Pods Frameworks */ = {
			isa = PBXShellScriptBuildPhase;
			buildActionMask = 2147483647;
			files = (
			);
			inputFileListPaths = (
				"${PODS_ROOT}/Target Support Files/Pods-Demo Pet App/Pods-Demo Pet App-frameworks-${CONFIGURATION}-input-files.xcfilelist",
			);
			name = "[CP] Embed Pods Frameworks";
			outputFileListPaths = (
				"${PODS_ROOT}/Target Support Files/Pods-Demo Pet App/Pods-Demo Pet App-frameworks-${CONFIGURATION}-output-files.xcfilelist",
			);
			runOnlyForDeploymentPostprocessing = 0;
			shellPath = /bin/sh;
			shellScript = "\"${PODS_ROOT}/Target Support Files/Pods-Demo Pet App/Pods-Demo Pet App-frameworks.sh\"\n";
			showEnvVarsInLog = 0;
		};
/* End PBXShellScriptBuildPhase section */

/* Begin PBXSourcesBuildPhase section */
		DD22085F292BF581003A3959 /* Sources */ = {
			isa = PBXSourcesBuildPhase;
			buildActionMask = 2147483647;
			files = (
				DD2208B0292BF96F003A3959 /* Config.swift in Sources */,
				DD523A7E292D27CA000E9297 /* Animals.swift in Sources */,
				DD523A88292D3064000E9297 /* NSObject+Extra.swift in Sources */,
				DD2208C3292BFD55003A3959 /* ListTableViewCell.swift in Sources */,
				DD523A80292D27EE000E9297 /* Pagination.swift in Sources */,
				DD523A82292D287D000E9297 /* Endpoint.swift in Sources */,
				DD0AF481292C0CE2000BC039 /* ApiManager.swift in Sources */,
				DD523A7C292D2640000E9297 /* Token.swift in Sources */,
				DD2208B6292BFB54003A3959 /* ListViewModel.swift in Sources */,
				DD2208C6292BFF81003A3959 /* Pet.swift in Sources */,
				DD2208BA292BFB68003A3959 /* DetailsViewModel.swift in Sources */,
				DD220867292BF581003A3959 /* AppDelegate.swift in Sources */,
				DD523A85292D2942000E9297 /* KeychainHelper.swift in Sources */,
				DD2208B8292BFB62003A3959 /* DetailsViewController.swift in Sources */,
				DD523A7A292D2610000E9297 /* Extra.swift in Sources */,
				DD2208B4292BFB4C003A3959 /* ListViewController.swift in Sources */,
				DD220869292BF581003A3959 /* SceneDelegate.swift in Sources */,
			);
			runOnlyForDeploymentPostprocessing = 0;
		};
		DD220875292BF582003A3959 /* Sources */ = {
			isa = PBXSourcesBuildPhase;
			buildActionMask = 2147483647;
			files = (
				DD22087E292BF582003A3959 /* Demo_Pet_AppTests.swift in Sources */,
			);
			runOnlyForDeploymentPostprocessing = 0;
		};
		DD22087F292BF583003A3959 /* Sources */ = {
			isa = PBXSourcesBuildPhase;
			buildActionMask = 2147483647;
			files = (
				DD220888292BF583003A3959 /* Demo_Pet_AppUITests.swift in Sources */,
				DD22088A292BF583003A3959 /* Demo_Pet_AppUITestsLaunchTests.swift in Sources */,
			);
			runOnlyForDeploymentPostprocessing = 0;
		};
/* End PBXSourcesBuildPhase section */

/* Begin PBXTargetDependency section */
		DD22087B292BF582003A3959 /* PBXTargetDependency */ = {
			isa = PBXTargetDependency;
			target = DD220862292BF581003A3959 /* Demo Pet App */;
			targetProxy = DD22087A292BF582003A3959 /* PBXContainerItemProxy */;
		};
		DD220885292BF583003A3959 /* PBXTargetDependency */ = {
			isa = PBXTargetDependency;
			target = DD220862292BF581003A3959 /* Demo Pet App */;
			targetProxy = DD220884292BF583003A3959 /* PBXContainerItemProxy */;
		};
/* End PBXTargetDependency section */

/* Begin PBXVariantGroup section */
		DD22086C292BF581003A3959 /* Main.storyboard */ = {
			isa = PBXVariantGroup;
			children = (
				DD22086D292BF581003A3959 /* Base */,
			);
			name = Main.storyboard;
			sourceTree = "<group>";
		};
		DD220871292BF582003A3959 /* LaunchScreen.storyboard */ = {
			isa = PBXVariantGroup;
			children = (
				DD220872292BF582003A3959 /* Base */,
			);
			name = LaunchScreen.storyboard;
			sourceTree = "<group>";
		};
/* End PBXVariantGroup section */

/* Begin XCBuildConfiguration section */
		DD22088B292BF583003A3959 /* Debug */ = {
			isa = XCBuildConfiguration;
			baseConfigurationReference = DD2208A1292BF6F7003A3959 /* Config.xcconfig */;
			buildSettings = {
				ALWAYS_SEARCH_USER_PATHS = NO;
				CLANG_ANALYZER_NONNULL = YES;
				CLANG_ANALYZER_NUMBER_OBJECT_CONVERSION = YES_AGGRESSIVE;
				CLANG_CXX_LANGUAGE_STANDARD = "gnu++20";
				CLANG_ENABLE_MODULES = YES;
				CLANG_ENABLE_OBJC_ARC = YES;
				CLANG_ENABLE_OBJC_WEAK = YES;
				CLANG_WARN_BLOCK_CAPTURE_AUTORELEASING = YES;
				CLANG_WARN_BOOL_CONVERSION = YES;
				CLANG_WARN_COMMA = YES;
				CLANG_WARN_CONSTANT_CONVERSION = YES;
				CLANG_WARN_DEPRECATED_OBJC_IMPLEMENTATIONS = YES;
				CLANG_WARN_DIRECT_OBJC_ISA_USAGE = YES_ERROR;
				CLANG_WARN_DOCUMENTATION_COMMENTS = YES;
				CLANG_WARN_EMPTY_BODY = YES;
				CLANG_WARN_ENUM_CONVERSION = YES;
				CLANG_WARN_INFINITE_RECURSION = YES;
				CLANG_WARN_INT_CONVERSION = YES;
				CLANG_WARN_NON_LITERAL_NULL_CONVERSION = YES;
				CLANG_WARN_OBJC_IMPLICIT_RETAIN_SELF = YES;
				CLANG_WARN_OBJC_LITERAL_CONVERSION = YES;
				CLANG_WARN_OBJC_ROOT_CLASS = YES_ERROR;
				CLANG_WARN_QUOTED_INCLUDE_IN_FRAMEWORK_HEADER = YES;
				CLANG_WARN_RANGE_LOOP_ANALYSIS = YES;
				CLANG_WARN_STRICT_PROTOTYPES = YES;
				CLANG_WARN_SUSPICIOUS_MOVE = YES;
				CLANG_WARN_UNGUARDED_AVAILABILITY = YES_AGGRESSIVE;
				CLANG_WARN_UNREACHABLE_CODE = YES;
				CLANG_WARN__DUPLICATE_METHOD_MATCH = YES;
				COPY_PHASE_STRIP = NO;
				DEBUG_INFORMATION_FORMAT = dwarf;
				ENABLE_STRICT_OBJC_MSGSEND = YES;
				ENABLE_TESTABILITY = YES;
				GCC_C_LANGUAGE_STANDARD = gnu11;
				GCC_DYNAMIC_NO_PIC = NO;
				GCC_NO_COMMON_BLOCKS = YES;
				GCC_OPTIMIZATION_LEVEL = 0;
				GCC_PREPROCESSOR_DEFINITIONS = (
					"DEBUG=1",
					"$(inherited)",
				);
				GCC_WARN_64_TO_32_BIT_CONVERSION = YES;
				GCC_WARN_ABOUT_RETURN_TYPE = YES_ERROR;
				GCC_WARN_UNDECLARED_SELECTOR = YES;
				GCC_WARN_UNINITIALIZED_AUTOS = YES_AGGRESSIVE;
				GCC_WARN_UNUSED_FUNCTION = YES;
				GCC_WARN_UNUSED_VARIABLE = YES;
				IPHONEOS_DEPLOYMENT_TARGET = 16.1;
				MTL_ENABLE_DEBUG_INFO = INCLUDE_SOURCE;
				MTL_FAST_MATH = YES;
				ONLY_ACTIVE_ARCH = YES;
				SDKROOT = iphoneos;
				SWIFT_ACTIVE_COMPILATION_CONDITIONS = DEBUG;
				SWIFT_OPTIMIZATION_LEVEL = "-Onone";
			};
			name = Debug;
		};
		DD22088C292BF583003A3959 /* Release */ = {
			isa = XCBuildConfiguration;
			baseConfigurationReference = DD2208A1292BF6F7003A3959 /* Config.xcconfig */;
			buildSettings = {
				ALWAYS_SEARCH_USER_PATHS = NO;
				CLANG_ANALYZER_NONNULL = YES;
				CLANG_ANALYZER_NUMBER_OBJECT_CONVERSION = YES_AGGRESSIVE;
				CLANG_CXX_LANGUAGE_STANDARD = "gnu++20";
				CLANG_ENABLE_MODULES = YES;
				CLANG_ENABLE_OBJC_ARC = YES;
				CLANG_ENABLE_OBJC_WEAK = YES;
				CLANG_WARN_BLOCK_CAPTURE_AUTORELEASING = YES;
				CLANG_WARN_BOOL_CONVERSION = YES;
				CLANG_WARN_COMMA = YES;
				CLANG_WARN_CONSTANT_CONVERSION = YES;
				CLANG_WARN_DEPRECATED_OBJC_IMPLEMENTATIONS = YES;
				CLANG_WARN_DIRECT_OBJC_ISA_USAGE = YES_ERROR;
				CLANG_WARN_DOCUMENTATION_COMMENTS = YES;
				CLANG_WARN_EMPTY_BODY = YES;
				CLANG_WARN_ENUM_CONVERSION = YES;
				CLANG_WARN_INFINITE_RECURSION = YES;
				CLANG_WARN_INT_CONVERSION = YES;
				CLANG_WARN_NON_LITERAL_NULL_CONVERSION = YES;
				CLANG_WARN_OBJC_IMPLICIT_RETAIN_SELF = YES;
				CLANG_WARN_OBJC_LITERAL_CONVERSION = YES;
				CLANG_WARN_OBJC_ROOT_CLASS = YES_ERROR;
				CLANG_WARN_QUOTED_INCLUDE_IN_FRAMEWORK_HEADER = YES;
				CLANG_WARN_RANGE_LOOP_ANALYSIS = YES;
				CLANG_WARN_STRICT_PROTOTYPES = YES;
				CLANG_WARN_SUSPICIOUS_MOVE = YES;
				CLANG_WARN_UNGUARDED_AVAILABILITY = YES_AGGRESSIVE;
				CLANG_WARN_UNREACHABLE_CODE = YES;
				CLANG_WARN__DUPLICATE_METHOD_MATCH = YES;
				COPY_PHASE_STRIP = NO;
				DEBUG_INFORMATION_FORMAT = "dwarf-with-dsym";
				ENABLE_NS_ASSERTIONS = NO;
				ENABLE_STRICT_OBJC_MSGSEND = YES;
				GCC_C_LANGUAGE_STANDARD = gnu11;
				GCC_NO_COMMON_BLOCKS = YES;
				GCC_WARN_64_TO_32_BIT_CONVERSION = YES;
				GCC_WARN_ABOUT_RETURN_TYPE = YES_ERROR;
				GCC_WARN_UNDECLARED_SELECTOR = YES;
				GCC_WARN_UNINITIALIZED_AUTOS = YES_AGGRESSIVE;
				GCC_WARN_UNUSED_FUNCTION = YES;
				GCC_WARN_UNUSED_VARIABLE = YES;
				IPHONEOS_DEPLOYMENT_TARGET = 16.1;
				MTL_ENABLE_DEBUG_INFO = NO;
				MTL_FAST_MATH = YES;
				SDKROOT = iphoneos;
				SWIFT_COMPILATION_MODE = wholemodule;
				SWIFT_OPTIMIZATION_LEVEL = "-O";
				VALIDATE_PRODUCT = YES;
			};
			name = Release;
		};
		DD22088E292BF583003A3959 /* Debug */ = {
			isa = XCBuildConfiguration;
			baseConfigurationReference = 69E9D165047833C7CD828503 /* Pods-Demo Pet App.debug.xcconfig */;
			buildSettings = {
				ASSETCATALOG_COMPILER_APPICON_NAME = AppIcon;
				ASSETCATALOG_COMPILER_GLOBAL_ACCENT_COLOR_NAME = AccentColor;
				CODE_SIGN_STYLE = Automatic;
				CURRENT_PROJECT_VERSION = 1;
				DEVELOPMENT_TEAM = DQNVL2M7VR;
				GENERATE_INFOPLIST_FILE = YES;
				INFOPLIST_FILE = "Demo Pet App/Info.plist";
				INFOPLIST_KEY_LSApplicationCategoryType = "public.app-category.entertainment";
				INFOPLIST_KEY_NSLocationWhenInUseUsageDescription = "We need your location in order to calculate the distance to the pet";
				INFOPLIST_KEY_UIApplicationSupportsIndirectInputEvents = YES;
				INFOPLIST_KEY_UILaunchStoryboardName = LaunchScreen;
				INFOPLIST_KEY_UIMainStoryboardFile = Main;
				INFOPLIST_KEY_UISupportedInterfaceOrientations_iPad = "UIInterfaceOrientationPortrait UIInterfaceOrientationPortraitUpsideDown UIInterfaceOrientationLandscapeLeft UIInterfaceOrientationLandscapeRight";
				INFOPLIST_KEY_UISupportedInterfaceOrientations_iPhone = "UIInterfaceOrientationPortrait UIInterfaceOrientationLandscapeLeft UIInterfaceOrientationLandscapeRight";
				LD_RUNPATH_SEARCH_PATHS = (
					"$(inherited)",
					"@executable_path/Frameworks",
				);
				MARKETING_VERSION = 1.0;
				PRODUCT_BUNDLE_IDENTIFIER = "com.danipralea.Demo-Pet-App";
				PRODUCT_NAME = "$(TARGET_NAME)";
				SWIFT_EMIT_LOC_STRINGS = YES;
				SWIFT_VERSION = 5.0;
				TARGETED_DEVICE_FAMILY = "1,2";
			};
			name = Debug;
		};
		DD22088F292BF583003A3959 /* Release */ = {
			isa = XCBuildConfiguration;
			baseConfigurationReference = EB25494D66684A00F989D982 /* Pods-Demo Pet App.release.xcconfig */;
			buildSettings = {
				ASSETCATALOG_COMPILER_APPICON_NAME = AppIcon;
				ASSETCATALOG_COMPILER_GLOBAL_ACCENT_COLOR_NAME = AccentColor;
				CODE_SIGN_STYLE = Automatic;
				CURRENT_PROJECT_VERSION = 1;
				DEVELOPMENT_TEAM = DQNVL2M7VR;
				GENERATE_INFOPLIST_FILE = YES;
				INFOPLIST_FILE = "Demo Pet App/Info.plist";
				INFOPLIST_KEY_LSApplicationCategoryType = "public.app-category.entertainment";
				INFOPLIST_KEY_NSLocationWhenInUseUsageDescription = "We need your location in order to calculate the distance to the pet";
				INFOPLIST_KEY_UIApplicationSupportsIndirectInputEvents = YES;
				INFOPLIST_KEY_UILaunchStoryboardName = LaunchScreen;
				INFOPLIST_KEY_UIMainStoryboardFile = Main;
				INFOPLIST_KEY_UISupportedInterfaceOrientations_iPad = "UIInterfaceOrientationPortrait UIInterfaceOrientationPortraitUpsideDown UIInterfaceOrientationLandscapeLeft UIInterfaceOrientationLandscapeRight";
				INFOPLIST_KEY_UISupportedInterfaceOrientations_iPhone = "UIInterfaceOrientationPortrait UIInterfaceOrientationLandscapeLeft UIInterfaceOrientationLandscapeRight";
				LD_RUNPATH_SEARCH_PATHS = (
					"$(inherited)",
					"@executable_path/Frameworks",
				);
				MARKETING_VERSION = 1.0;
				PRODUCT_BUNDLE_IDENTIFIER = "com.danipralea.Demo-Pet-App";
				PRODUCT_NAME = "$(TARGET_NAME)";
				SWIFT_EMIT_LOC_STRINGS = YES;
				SWIFT_VERSION = 5.0;
				TARGETED_DEVICE_FAMILY = "1,2";
			};
			name = Release;
		};
		DD220891292BF583003A3959 /* Debug */ = {
			isa = XCBuildConfiguration;
			buildSettings = {
				ALWAYS_EMBED_SWIFT_STANDARD_LIBRARIES = YES;
				BUNDLE_LOADER = "$(TEST_HOST)";
				CODE_SIGN_STYLE = Automatic;
				CURRENT_PROJECT_VERSION = 1;
				DEVELOPMENT_TEAM = DQNVL2M7VR;
				GENERATE_INFOPLIST_FILE = YES;
				IPHONEOS_DEPLOYMENT_TARGET = 16.1;
				MARKETING_VERSION = 1.0;
				PRODUCT_BUNDLE_IDENTIFIER = "com.danipralea.Demo-Pet-AppTests";
				PRODUCT_NAME = "$(TARGET_NAME)";
				SWIFT_EMIT_LOC_STRINGS = NO;
				SWIFT_VERSION = 5.0;
				TARGETED_DEVICE_FAMILY = "1,2";
				TEST_HOST = "$(BUILT_PRODUCTS_DIR)/Demo Pet App.app/$(BUNDLE_EXECUTABLE_FOLDER_PATH)/Demo Pet App";
			};
			name = Debug;
		};
		DD220892292BF583003A3959 /* Release */ = {
			isa = XCBuildConfiguration;
			buildSettings = {
				ALWAYS_EMBED_SWIFT_STANDARD_LIBRARIES = YES;
				BUNDLE_LOADER = "$(TEST_HOST)";
				CODE_SIGN_STYLE = Automatic;
				CURRENT_PROJECT_VERSION = 1;
				DEVELOPMENT_TEAM = DQNVL2M7VR;
				GENERATE_INFOPLIST_FILE = YES;
				IPHONEOS_DEPLOYMENT_TARGET = 16.1;
				MARKETING_VERSION = 1.0;
				PRODUCT_BUNDLE_IDENTIFIER = "com.danipralea.Demo-Pet-AppTests";
				PRODUCT_NAME = "$(TARGET_NAME)";
				SWIFT_EMIT_LOC_STRINGS = NO;
				SWIFT_VERSION = 5.0;
				TARGETED_DEVICE_FAMILY = "1,2";
				TEST_HOST = "$(BUILT_PRODUCTS_DIR)/Demo Pet App.app/$(BUNDLE_EXECUTABLE_FOLDER_PATH)/Demo Pet App";
			};
			name = Release;
		};
		DD220894292BF583003A3959 /* Debug */ = {
			isa = XCBuildConfiguration;
			buildSettings = {
				ALWAYS_EMBED_SWIFT_STANDARD_LIBRARIES = YES;
				CODE_SIGN_STYLE = Automatic;
				CURRENT_PROJECT_VERSION = 1;
				DEVELOPMENT_TEAM = DQNVL2M7VR;
				GENERATE_INFOPLIST_FILE = YES;
				MARKETING_VERSION = 1.0;
				PRODUCT_BUNDLE_IDENTIFIER = "com.danipralea.Demo-Pet-AppUITests";
				PRODUCT_NAME = "$(TARGET_NAME)";
				SWIFT_EMIT_LOC_STRINGS = NO;
				SWIFT_VERSION = 5.0;
				TARGETED_DEVICE_FAMILY = "1,2";
				TEST_TARGET_NAME = "Demo Pet App";
			};
			name = Debug;
		};
		DD220895292BF583003A3959 /* Release */ = {
			isa = XCBuildConfiguration;
			buildSettings = {
				ALWAYS_EMBED_SWIFT_STANDARD_LIBRARIES = YES;
				CODE_SIGN_STYLE = Automatic;
				CURRENT_PROJECT_VERSION = 1;
				DEVELOPMENT_TEAM = DQNVL2M7VR;
				GENERATE_INFOPLIST_FILE = YES;
				MARKETING_VERSION = 1.0;
				PRODUCT_BUNDLE_IDENTIFIER = "com.danipralea.Demo-Pet-AppUITests";
				PRODUCT_NAME = "$(TARGET_NAME)";
				SWIFT_EMIT_LOC_STRINGS = NO;
				SWIFT_VERSION = 5.0;
				TARGETED_DEVICE_FAMILY = "1,2";
				TEST_TARGET_NAME = "Demo Pet App";
			};
			name = Release;
		};
/* End XCBuildConfiguration section */

/* Begin XCConfigurationList section */
		DD22085E292BF581003A3959 /* Build configuration list for PBXProject "Demo Pet App" */ = {
			isa = XCConfigurationList;
			buildConfigurations = (
				DD22088B292BF583003A3959 /* Debug */,
				DD22088C292BF583003A3959 /* Release */,
			);
			defaultConfigurationIsVisible = 0;
			defaultConfigurationName = Release;
		};
		DD22088D292BF583003A3959 /* Build configuration list for PBXNativeTarget "Demo Pet App" */ = {
			isa = XCConfigurationList;
			buildConfigurations = (
				DD22088E292BF583003A3959 /* Debug */,
				DD22088F292BF583003A3959 /* Release */,
			);
			defaultConfigurationIsVisible = 0;
			defaultConfigurationName = Release;
		};
		DD220890292BF583003A3959 /* Build configuration list for PBXNativeTarget "Demo Pet AppTests" */ = {
			isa = XCConfigurationList;
			buildConfigurations = (
				DD220891292BF583003A3959 /* Debug */,
				DD220892292BF583003A3959 /* Release */,
			);
			defaultConfigurationIsVisible = 0;
			defaultConfigurationName = Release;
		};
		DD220893292BF583003A3959 /* Build configuration list for PBXNativeTarget "Demo Pet AppUITests" */ = {
			isa = XCConfigurationList;
			buildConfigurations = (
				DD220894292BF583003A3959 /* Debug */,
				DD220895292BF583003A3959 /* Release */,
			);
			defaultConfigurationIsVisible = 0;
			defaultConfigurationName = Release;
		};
/* End XCConfigurationList section */
	};
	rootObject = DD22085B292BF581003A3959 /* Project object */;
}
